
Microsoft Visual Studio Solution File, Format Version 12.00
# Visual Studio Version 16
VisualStudioVersion = 16.0.30804.86
MinimumVisualStudioVersion = 10.0.40219.1
Project("{FAE04EC0-301F-11D3-BF4B-00C04F79EFBC}") = "PiGardener_Mobile.Android", "PiGardener_Mobile\PiGardener_Mobile.Android\PiGardener_Mobile.Android.csproj", "{32F14E9A-991B-46F6-ABE1-94C4A06F4F08}"
EndProject
Project("{FAE04EC0-301F-11D3-BF4B-00C04F79EFBC}") = "PiGardener_Mobile.iOS", "PiGardener_Mobile\PiGardener_Mobile.iOS\PiGardener_Mobile.iOS.csproj", "{4483495D-711F-44D4-A2AD-C2CDABC3A93E}"
EndProject
Project("{FAE04EC0-301F-11D3-BF4B-00C04F79EFBC}") = "PiGardener_Mobile", "PiGardener_Mobile\PiGardener_Mobile\PiGardener_Mobile.csproj", "{AEA12D0E-4A76-47A0-BA9E-3EB1FE45B325}"
EndProject
Global
	GlobalSection(SolutionConfigurationPlatforms) = preSolution
		Debug|Any CPU = Debug|Any CPU
		Debug|iPhone = Debug|iPhone
		Debug|iPhoneSimulator = Debug|iPhoneSimulator
		Release|Any CPU = Release|Any CPU
		Release|iPhone = Release|iPhone
		Release|iPhoneSimulator = Release|iPhoneSimulator
	EndGlobalSection
	GlobalSection(ProjectConfigurationPlatforms) = postSolution
		{32F14E9A-991B-46F6-ABE1-94C4A06F4F08}.Debug|Any CPU.ActiveCfg = Debug|Any CPU
		{32F14E9A-991B-46F6-ABE1-94C4A06F4F08}.Debug|Any CPU.Build.0 = Debug|Any CPU
		{32F14E9A-991B-46F6-ABE1-94C4A06F4F08}.Debug|Any CPU.Deploy.0 = Debug|Any CPU
		{32F14E9A-991B-46F6-ABE1-94C4A06F4F08}.Debug|iPhone.ActiveCfg = Debug|Any CPU
		{32F14E9A-991B-46F6-ABE1-94C4A06F4F08}.Debug|iPhone.Build.0 = Debug|Any CPU
		{32F14E9A-991B-46F6-ABE1-94C4A06F4F08}.Debug|iPhone.Deploy.0 = Debug|Any CPU
		{32F14E9A-991B-46F6-ABE1-94C4A06F4F08}.Debug|iPhoneSimulator.ActiveCfg = Debug|Any CPU
		{32F14E9A-991B-46F6-ABE1-94C4A06F4F08}.Debug|iPhoneSimulator.Build.0 = Debug|Any CPU
		{32F14E9A-991B-46F6-ABE1-94C4A06F4F08}.Debug|iPhoneSimulator.Deploy.0 = Debug|Any CPU
		{32F14E9A-991B-46F6-ABE1-94C4A06F4F08}.Release|Any CPU.ActiveCfg = Release|Any CPU
		{32F14E9A-991B-46F6-ABE1-94C4A06F4F08}.Release|Any CPU.Build.0 = Release|Any CPU
		{32F14E9A-991B-46F6-ABE1-94C4A06F4F08}.Release|Any CPU.Deploy.0 = Release|Any CPU
		{32F14E9A-991B-46F6-ABE1-94C4A06F4F08}.Release|iPhone.ActiveCfg = Release|Any CPU
		{32F14E9A-991B-46F6-ABE1-94C4A06F4F08}.Release|iPhone.Build.0 = Release|Any CPU
		{32F14E9A-991B-46F6-ABE1-94C4A06F4F08}.Release|iPhone.Deploy.0 = Release|Any CPU
		{32F14E9A-991B-46F6-ABE1-94C4A06F4F08}.Release|iPhoneSimulator.ActiveCfg = Release|Any CPU
		{32F14E9A-991B-46F6-ABE1-94C4A06F4F08}.Release|iPhoneSimulator.Build.0 = Release|Any CPU
		{32F14E9A-991B-46F6-ABE1-94C4A06F4F08}.Release|iPhoneSimulator.Deploy.0 = Release|Any CPU
		{4483495D-711F-44D4-A2AD-C2CDABC3A93E}.Debug|Any CPU.ActiveCfg = Debug|iPhone
		{4483495D-711F-44D4-A2AD-C2CDABC3A93E}.Debug|Any CPU.Build.0 = Debug|iPhone
		{4483495D-711F-44D4-A2AD-C2CDABC3A93E}.Debug|Any CPU.Deploy.0 = Debug|iPhone
		{4483495D-711F-44D4-A2AD-C2CDABC3A93E}.Debug|iPhone.ActiveCfg = Debug|iPhone
		{4483495D-711F-44D4-A2AD-C2CDABC3A93E}.Debug|iPhone.Build.0 = Debug|iPhone
		{4483495D-711F-44D4-A2AD-C2CDABC3A93E}.Debug|iPhone.Deploy.0 = Debug|iPhone
		{4483495D-711F-44D4-A2AD-C2CDABC3A93E}.Debug|iPhoneSimulator.ActiveCfg = Debug|iPhoneSimulator
		{4483495D-711F-44D4-A2AD-C2CDABC3A93E}.Debug|iPhoneSimulator.Build.0 = Debug|iPhoneSimulator
		{4483495D-711F-44D4-A2AD-C2CDABC3A93E}.Debug|iPhoneSimulator.Deploy.0 = Debug|iPhoneSimulator
		{4483495D-711F-44D4-A2AD-C2CDABC3A93E}.Release|Any CPU.ActiveCfg = Release|iPhoneSimulator
		{4483495D-711F-44D4-A2AD-C2CDABC3A93E}.Release|Any CPU.Build.0 = Release|iPhoneSimulator
		{4483495D-711F-44D4-A2AD-C2CDABC3A93E}.Release|Any CPU.Deploy.0 = Release|iPhoneSimulator
		{4483495D-711F-44D4-A2AD-C2CDABC3A93E}.Release|iPhone.ActiveCfg = Release|iPhone
		{4483495D-711F-44D4-A2AD-C2CDABC3A93E}.Release|iPhone.Build.0 = Release|iPhone
		{4483495D-711F-44D4-A2AD-C2CDABC3A93E}.Release|iPhone.Deploy.0 = Release|iPhone
		{4483495D-711F-44D4-A2AD-C2CDABC3A93E}.Release|iPhoneSimulator.ActiveCfg = Release|iPhoneSimulator
		{4483495D-711F-44D4-A2AD-C2CDABC3A93E}.Release|iPhoneSimulator.Build.0 = Release|iPhoneSimulator
		{4483495D-711F-44D4-A2AD-C2CDABC3A93E}.Release|iPhoneSimulator.Deploy.0 = Release|iPhoneSimulator
		{AEA12D0E-4A76-47A0-BA9E-3EB1FE45B325}.Debug|Any CPU.ActiveCfg = Debug|Any CPU
		{AEA12D0E-4A76-47A0-BA9E-3EB1FE45B325}.Debug|Any CPU.Build.0 = Debug|Any CPU
		{AEA12D0E-4A76-47A0-BA9E-3EB1FE45B325}.Debug|Any CPU.Deploy.0 = Debug|Any CPU
		{AEA12D0E-4A76-47A0-BA9E-3EB1FE45B325}.Debug|iPhone.ActiveCfg = Debug|Any CPU
		{AEA12D0E-4A76-47A0-BA9E-3EB1FE45B325}.Debug|iPhone.Build.0 = Debug|Any CPU
		{AEA12D0E-4A76-47A0-BA9E-3EB1FE45B325}.Debug|iPhone.Deploy.0 = Debug|Any CPU
		{AEA12D0E-4A76-47A0-BA9E-3EB1FE45B325}.Debug|iPhoneSimulator.ActiveCfg = Debug|Any CPU
		{AEA12D0E-4A76-47A0-BA9E-3EB1FE45B325}.Debug|iPhoneSimulator.Build.0 = Debug|Any CPU
		{AEA12D0E-4A76-47A0-BA9E-3EB1FE45B325}.Debug|iPhoneSimulator.Deploy.0 = Debug|Any CPU
		{AEA12D0E-4A76-47A0-BA9E-3EB1FE45B325}.Release|Any CPU.ActiveCfg = Release|Any CPU
		{AEA12D0E-4A76-47A0-BA9E-3EB1FE45B325}.Release|Any CPU.Build.0 = Release|Any CPU
		{AEA12D0E-4A76-47A0-BA9E-3EB1FE45B325}.Release|Any CPU.Deploy.0 = Release|Any CPU
		{AEA12D0E-4A76-47A0-BA9E-3EB1FE45B325}.Release|iPhone.ActiveCfg = Release|Any CPU
		{AEA12D0E-4A76-47A0-BA9E-3EB1FE45B325}.Release|iPhone.Build.0 = Release|Any CPU
		{AEA12D0E-4A76-47A0-BA9E-3EB1FE45B325}.Release|iPhone.Deploy.0 = Release|Any CPU
		{AEA12D0E-4A76-47A0-BA9E-3EB1FE45B325}.Release|iPhoneSimulator.ActiveCfg = Release|Any CPU
		{AEA12D0E-4A76-47A0-BA9E-3EB1FE45B325}.Release|iPhoneSimulator.Build.0 = Release|Any CPU
		{AEA12D0E-4A76-47A0-BA9E-3EB1FE45B325}.Release|iPhoneSimulator.Deploy.0 = Release|Any CPU
	EndGlobalSection
	GlobalSection(SolutionProperties) = preSolution
		HideSolutionNode = FALSE
	EndGlobalSection
	GlobalSection(ExtensibilityGlobals) = postSolution
		SolutionGuid = {70601967-C1FF-4381-BB0F-2B914364AE3B}
	EndGlobalSection
EndGlobal
